# This file is autogenerated, do not edit; changes may be undone by the next 'dep ensure'.


[[projects]]
  branch = "master"
  digest = "1:ab2f4911a4b677d56a00a2a71248ce90bd72e418e0bbd7e821673866577152c5"
  name = "github.com/bitrise-io/go-utils"
  packages = [
    "colorstring",
    "command",
    "command/rubycommand",
    "errorutil",
    "log",
    "parseutil",
    "pathutil",
    "pointers",
  ]
  pruneopts = "UT"
  revision = "d1de0dbcb811588e61362aff67bb700b93c13c17"

[[projects]]
  branch = "master"
  digest = "1:d9f47b0642c42512eefed4aad27c4daf41e9f3380087d302cd0a9f5612143856"
  name = "github.com/bitrise-tools/go-steputils"
  packages = ["stepconf"]
  pruneopts = "UT"
  revision = "d4d9e08cc4347e8784bb18419fcdceb932e17019"

[solve-meta]
  analyzer-name = "dep"
  analyzer-version = 1
  input-imports = [
    "github.com/bitrise-io/go-utils/command",
    "github.com/bitrise-io/go-utils/command/rubycommand",
    "github.com/bitrise-io/go-utils/errorutil",
    "github.com/bitrise-io/go-utils/log",
    "github.com/bitrise-tools/go-steputils/stepconf",
  ]
  solver-name = "gps-cdcl"
  solver-version = 1
